
Microsoft Visual Studio Solution File, Format Version 12.00
# Visual Studio Version 16
VisualStudioVersion = 16.0.31605.320
MinimumVisualStudioVersion = 10.0.40219.1
Project("{FAE04EC0-301F-11D3-BF4B-00C04F79EFBC}") = "ETT", "ETT.csproj", "{A1E0BD27-C763-4532-91EE-FB38EB43B2A4}"
EndProject
Global
	GlobalSection(SolutionConfigurationPlatforms) = preSolution
		Debug|Any CPU = Debug|Any CPU
		Release|Any CPU = Release|Any CPU
	EndGlobalSection
	GlobalSection(ProjectConfigurationPlatforms) = postSolution
		{A1E0BD27-C763-4532-91EE-FB38EB43B2A4}.Debug|Any CPU.ActiveCfg = Debug|Any CPU
		{A1E0BD27-C763-4532-91EE-FB38EB43B2A4}.Debug|Any CPU.Build.0 = Debug|Any CPU
		{A1E0BD27-C763-4532-91EE-FB38EB43B2A4}.Release|Any CPU.ActiveCfg = Release|Any CPU
		{A1E0BD27-C763-4532-91EE-FB38EB43B2A4}.Release|Any CPU.Build.0 = Release|Any CPU
	EndGlobalSection
	GlobalSection(SolutionProperties) = preSolution
		HideSolutionNode = FALSE
	EndGlobalSection
	GlobalSection(ExtensibilityGlobals) = postSolution
		SolutionGuid = {36B5EE2B-4063-45DE-B19F-414E2C6C1F10}
	EndGlobalSection
EndGlobal
